// !$*UTF8*$!
{
	archiveVersion = 1;
	classes = {
	};
	objectVersion = 46;
	objects = {

/* Begin PBXBuildFile section */
		55741D321EF5AFB20031F8B6 /* AppDelegate.swift in Sources */ = {isa = PBXBuildFile; fileRef = 55741D311EF5AFB20031F8B6 /* AppDelegate.swift */; };
		55741D341EF5AFB20031F8B6 /* ViewController.swift in Sources */ = {isa = PBXBuildFile; fileRef = 55741D331EF5AFB20031F8B6 /* ViewController.swift */; };
		55741D371EF5AFB20031F8B6 /* Main.storyboard in Resources */ = {isa = PBXBuildFile; fileRef = 55741D351EF5AFB20031F8B6 /* Main.storyboard */; };
		55741D3A1EF5AFB20031F8B6 /* FoEReferrence.xcdatamodeld in Sources */ = {isa = PBXBuildFile; fileRef = 55741D381EF5AFB20031F8B6 /* FoEReferrence.xcdatamodeld */; };
		55741D3C1EF5AFB20031F8B6 /* Assets.xcassets in Resources */ = {isa = PBXBuildFile; fileRef = 55741D3B1EF5AFB20031F8B6 /* Assets.xcassets */; };
		55741D3F1EF5AFB20031F8B6 /* LaunchScreen.storyboard in Resources */ = {isa = PBXBuildFile; fileRef = 55741D3D1EF5AFB20031F8B6 /* LaunchScreen.storyboard */; };
/* End PBXBuildFile section */

/* Begin PBXFileReference section */
		55741D2E1EF5AFB20031F8B6 /* FoEReferrence.app */ = {isa = PBXFileReference; explicitFileType = wrapper.application; includeInIndex = 0; path = FoEReferrence.app; sourceTree = BUILT_PRODUCTS_DIR; };
		55741D311EF5AFB20031F8B6 /* AppDelegate.swift */ = {isa = PBXFileReference; lastKnownFileType = sourcecode.swift; path = AppDelegate.swift; sourceTree = "<group>"; };
		55741D331EF5AFB20031F8B6 /* ViewController.swift */ = {isa = PBXFileReference; lastKnownFileType = sourcecode.swift; path = ViewController.swift; sourceTree = "<group>"; };
		55741D361EF5AFB20031F8B6 /* Base */ = {isa = PBXFileReference; lastKnownFileType = file.storyboard; name = Base; path = Base.lproj/Main.storyboard; sourceTree = "<group>"; };
		55741D391EF5AFB20031F8B6 /* FoEReferrence.xcdatamodel */ = {isa = PBXFileReference; lastKnownFileType = wrapper.xcdatamodel; path = FoEReferrence.xcdatamodel; sourceTree = "<group>"; };
		55741D3B1EF5AFB20031F8B6 /* Assets.xcassets */ = {isa = PBXFileReference; lastKnownFileType = folder.assetcatalog; path = Assets.xcassets; sourceTree = "<group>"; };
		55741D3E1EF5AFB20031F8B6 /* Base */ = {isa = PBXFileReference; lastKnownFileType = file.storyboard; name = Base; path = Base.lproj/LaunchScreen.storyboard; sourceTree = "<group>"; };
		55741D401EF5AFB20031F8B6 /* Info.plist */ = {isa = PBXFileReference; lastKnownFileType = text.plist.xml; path = Info.plist; sourceTree = "<group>"; };
/* End PBXFileReference section */

/* Begin PBXFrameworksBuildPhase section */
		55741D2B1EF5AFB20031F8B6 /* Frameworks */ = {
			isa = PBXFrameworksBuildPhase;
			buildActionMask = 2147483647;
			files = (
			);
			runOnlyForDeploymentPostprocessing = 0;
		};
/* End PBXFrameworksBuildPhase section */

/* Begin PBXGroup section */
		55741D251EF5AFB20031F8B6 = {
			isa = PBXGroup;
			children = (
				55741D301EF5AFB20031F8B6 /* FoEReferrence */,
				55741D2F1EF5AFB20031F8B6 /* Products */,
			);
			sourceTree = "<group>";
		};
		55741D2F1EF5AFB20031F8B6 /* Products */ = {
			isa = PBXGroup;
			children = (
				55741D2E1EF5AFB20031F8B6 /* FoEReferrence.app */,
			);
			name = Products;
			sourceTree = "<group>";
		};
		55741D301EF5AFB20031F8B6 /* FoEReferrence */ = {
			isa = PBXGroup;
			children = (
				55741D311EF5AFB20031F8B6 /* AppDelegate.swift */,
				55741D331EF5AFB20031F8B6 /* ViewController.swift */,
				55741D351EF5AFB20031F8B6 /* Main.storyboard */,
				55741D3B1EF5AFB20031F8B6 /* Assets.xcassets */,
				55741D3D1EF5AFB20031F8B6 /* LaunchScreen.storyboard */,
				55741D401EF5AFB20031F8B6 /* Info.plist */,
				55741D381EF5AFB20031F8B6 /* FoEReferrence.xcdatamodeld */,
			);
			path = FoEReferrence;
			sourceTree = "<group>";
		};
/* End PBXGroup section */

/* Begin PBXNativeTarget section */
		55741D2D1EF5AFB20031F8B6 /* FoEReferrence */ = {
			isa = PBXNativeTarget;
			buildConfigurationList = 55741D431EF5AFB20031F8B6 /* Build configuration list for PBXNativeTarget "FoEReferrence" */;
			buildPhases = (
				55741D2A1EF5AFB20031F8B6 /* Sources */,
				55741D2B1EF5AFB20031F8B6 /* Frameworks */,
				55741D2C1EF5AFB20031F8B6 /* Resources */,
			);
			buildRules = (
			);
			dependencies = (
			);
			name = FoEReferrence;
			productName = FoEReferrence;
			productReference = 55741D2E1EF5AFB20031F8B6 /* FoEReferrence.app */;
			productType = "com.apple.product-type.application";
		};
/* End PBXNativeTarget section */

/* Begin PBXProject section */
		55741D261EF5AFB20031F8B6 /* Project object */ = {
			isa = PBXProject;
			attributes = {
				LastSwiftUpdateCheck = 0830;
				LastUpgradeCheck = 0830;
				ORGANIZATIONNAME = "CBE User";
				TargetAttributes = {
					55741D2D1EF5AFB20031F8B6 = {
						CreatedOnToolsVersion = 8.3.3;
						DevelopmentTeam = TT9W6D3N85;
						ProvisioningStyle = Automatic;
					};
				};
			};
			buildConfigurationList = 55741D291EF5AFB20031F8B6 /* Build configuration list for PBXProject "FoEReferrence" */;
			compatibilityVersion = "Xcode 3.2";
			developmentRegion = English;
			hasScannedForEncodings = 0;
			knownRegions = (
				en,
				Base,
			);
			mainGroup = 55741D251EF5AFB20031F8B6;
			productRefGroup = 55741D2F1EF5AFB20031F8B6 /* Products */;
			projectDirPath = "";
			projectRoot = "";
			targets = (
				55741D2D1EF5AFB20031F8B6 /* FoEReferrence */,
			);
		};
/* End PBXProject section */

/* Begin PBXResourcesBuildPhase section */
		55741D2C1EF5AFB20031F8B6 /* Resources */ = {
			isa = PBXResourcesBuildPhase;
			buildActionMask = 2147483647;
			files = (
				55741D3F1EF5AFB20031F8B6 /* LaunchScreen.storyboard in Resources */,
				55741D3C1EF5AFB20031F8B6 /* Assets.xcassets in Resources */,
				55741D371EF5AFB20031F8B6 /* Main.storyboard in Resources */,
			);
			runOnlyForDeploymentPostprocessing = 0;
		};
/* End PBXResourcesBuildPhase section */

/* Begin PBXSourcesBuildPhase section */
		55741D2A1EF5AFB20031F8B6 /* Sources */ = {
			isa = PBXSourcesBuildPhase;
			buildActionMask = 2147483647;
			files = (
				55741D341EF5AFB20031F8B6 /* ViewController.swift in Sources */,
				55741D3A1EF5AFB20031F8B6 /* FoEReferrence.xcdatamodeld in Sources */,
				55741D321EF5AFB20031F8B6 /* AppDelegate.swift in Sources */,
			);
			runOnlyForDeploymentPostprocessing = 0;
		};
/* End PBXSourcesBuildPhase section */

/* Begin PBXVariantGroup section */
		55741D351EF5AFB20031F8B6 /* Main.storyboard */ = {
			isa = PBXVariantGroup;
			children = (
				55741D361EF5AFB20031F8B6 /* Base */,
			);
			name = Main.storyboard;
			sourceTree = "<group>";
		};
		55741D3D1EF5AFB20031F8B6 /* LaunchScreen.storyboard */ = {
			isa = PBXVariantGroup;
			children = (
				55741D3E1EF5AFB20031F8B6 /* Base */,
			);
			name = LaunchScreen.storyboard;
			sourceTree = "<group>";
		};
/* End PBXVariantGroup section */

/* Begin XCBuildConfiguration section */
		55741D411EF5AFB20031F8B6 /* Debug */ = {
			isa = XCBuildConfiguration;
			buildSettings = {
				ALWAYS_SEARCH_USER_PATHS = NO;
				CLANG_ANALYZER_NONNULL = YES;
				CLANG_ANALYZER_NUMBER_OBJECT_CONVERSION = YES_AGGRESSIVE;
				CLANG_CXX_LANGUAGE_STANDARD = "gnu++0x";
				CLANG_CXX_LIBRARY = "libc++";
				CLANG_ENABLE_MODULES = YES;
				CLANG_ENABLE_OBJC_ARC = YES;
				CLANG_WARN_BOOL_CONVERSION = YES;
				CLANG_WARN_CONSTANT_CONVERSION = YES;
				CLANG_WARN_DIRECT_OBJC_ISA_USAGE = YES_ERROR;
				CLANG_WARN_DOCUMENTATION_COMMENTS = YES;
				CLANG_WARN_EMPTY_BODY = YES;
				CLANG_WARN_ENUM_CONVERSION = YES;
				CLANG_WARN_INFINITE_RECURSION = YES;
				CLANG_WARN_INT_CONVERSION = YES;
				CLANG_WARN_OBJC_ROOT_CLASS = YES_ERROR;
				CLANG_WARN_SUSPICIOUS_MOVE = YES;
				CLANG_WARN_UNREACHABLE_CODE = YES;
				CLANG_WARN__DUPLICATE_METHOD_MATCH = YES;
				"CODE_SIGN_IDENTITY[sdk=iphoneos*]" = "iPhone Developer";
				COPY_PHASE_STRIP = NO;
				DEBUG_INFORMATION_FORMAT = dwarf;
				ENABLE_STRICT_OBJC_MSGSEND = YES;
				ENABLE_TESTABILITY = YES;
				GCC_C_LANGUAGE_STANDARD = gnu99;
				GCC_DYNAMIC_NO_PIC = NO;
				GCC_NO_COMMON_BLOCKS = YES;
				GCC_OPTIMIZATION_LEVEL = 0;
				GCC_PREPROCESSOR_DEFINITIONS = (
					"DEBUG=1",
					"$(inherited)",
				);
				GCC_WARN_64_TO_32_BIT_CONVERSION = YES;
				GCC_WARN_ABOUT_RETURN_TYPE = YES_ERROR;
				GCC_WARN_UNDECLARED_SELECTOR = YES;
				GCC_WARN_UNINITIALIZED_AUTOS = YES_AGGRESSIVE;
				GCC_WARN_UNUSED_FUNCTION = YES;
				GCC_WARN_UNUSED_VARIABLE = YES;
				IPHONEOS_DEPLOYMENT_TARGET = 10.3;
				MTL_ENABLE_DEBUG_INFO = YES;
				ONLY_ACTIVE_ARCH = YES;
				SDKROOT = iphoneos;
				SWIFT_ACTIVE_COMPILATION_CONDITIONS = DEBUG;
				SWIFT_OPTIMIZATION_LEVEL = "-Onone";
				TARGETED_DEVICE_FAMILY = "1,2";
			};
			name = Debug;
		};
		55741D421EF5AFB20031F8B6 /* Release */ = {
			isa = XCBuildConfiguration;
			buildSettings = {
				ALWAYS_SEARCH_USER_PATHS = NO;
				CLANG_ANALYZER_NONNULL = YES;
				CLANG_ANALYZER_NUMBER_OBJECT_CONVERSION = YES_AGGRESSIVE;
				CLANG_CXX_LANGUAGE_STANDARD = "gnu++0x";
				CLANG_CXX_LIBRARY = "libc++";
				CLANG_ENABLE_MODULES = YES;
				CLANG_ENABLE_OBJC_ARC = YES;
				CLANG_WARN_BOOL_CONVERSION = YES;
				CLANG_WARN_CONSTANT_CONVERSION = YES;
				CLANG_WARN_DIRECT_OBJC_ISA_USAGE = YES_ERROR;
				CLANG_WARN_DOCUMENTATION_COMMENTS = YES;
				CLANG_WARN_EMPTY_BODY = YES;
				CLANG_WARN_ENUM_CONVERSION = YES;
				CLANG_WARN_INFINITE_RECURSION = YES;
				CLANG_WARN_INT_CONVERSION = YES;
				CLANG_WARN_OBJC_ROOT_CLASS = YES_ERROR;
				CLANG_WARN_SUSPICIOUS_MOVE = YES;
				CLANG_WARN_UNREACHABLE_CODE = YES;
				CLANG_WARN__DUPLICATE_METHOD_MATCH = YES;
				"CODE_SIGN_IDENTITY[sdk=iphoneos*]" = "iPhone Developer";
				COPY_PHASE_STRIP = NO;
				DEBUG_INFORMATION_FORMAT = "dwarf-with-dsym";
				ENABLE_NS_ASSERTIONS = NO;
				ENABLE_STRICT_OBJC_MSGSEND = YES;
				GCC_C_LANGUAGE_STANDARD = gnu99;
				GCC_NO_COMMON_BLOCKS = YES;
				GCC_WARN_64_TO_32_BIT_CONVERSION = YES;
				GCC_WARN_ABOUT_RETURN_TYPE = YES_ERROR;
				GCC_WARN_UNDECLARED_SELECTOR = YES;
				GCC_WARN_UNINITIALIZED_AUTOS = YES_AGGRESSIVE;
				GCC_WARN_UNUSED_FUNCTION = YES;
				GCC_WARN_UNUSED_VARIABLE = YES;
				IPHONEOS_DEPLOYMENT_TARGET = 10.3;
				MTL_ENABLE_DEBUG_INFO = NO;
				SDKROOT = iphoneos;
				SWIFT_OPTIMIZATION_LEVEL = "-Owholemodule";
				TARGETED_DEVICE_FAMILY = "1,2";
				VALIDATE_PRODUCT = YES;
			};
			name = Release;
		};
		55741D441EF5AFB20031F8B6 /* Debug */ = {
			isa = XCBuildConfiguration;
			buildSettings = {
				ASSETCATALOG_COMPILER_APPICON_NAME = AppIcon;
				DEVELOPMENT_TEAM = TT9W6D3N85;
				INFOPLIST_FILE = FoEReferrence/Info.plist;
				LD_RUNPATH_SEARCH_PATHS = "$(inherited) @executable_path/Frameworks";
				PRODUCT_BUNDLE_IDENTIFIER = com.WhatDoesThisDo.FoEReferrence;
				PRODUCT_NAME = "$(TARGET_NAME)";
				SWIFT_VERSION = 3.0;
			};
			name = Debug;
		};
		55741D451EF5AFB20031F8B6 /* Release */ = {
			isa = XCBuildConfiguration;
			buildSettings = {
				ASSETCATALOG_COMPILER_APPICON_NAME = AppIcon;
				DEVELOPMENT_TEAM = TT9W6D3N85;
				INFOPLIST_FILE = FoEReferrence/Info.plist;
				LD_RUNPATH_SEARCH_PATHS = "$(inherited) @executable_path/Frameworks";
				PRODUCT_BUNDLE_IDENTIFIER = com.WhatDoesThisDo.FoEReferrence;
				PRODUCT_NAME = "$(TARGET_NAME)";
				SWIFT_VERSION = 3.0;
			};
			name = Release;
		};
/* End XCBuildConfiguration section */

/* Begin XCConfigurationList section */
		55741D291EF5AFB20031F8B6 /* Build configuration list for PBXProject "FoEReferrence" */ = {
			isa = XCConfigurationList;
			buildConfigurations = (
				55741D411EF5AFB20031F8B6 /* Debug */,
				55741D421EF5AFB20031F8B6 /* Release */,
			);
			defaultConfigurationIsVisible = 0;
			defaultConfigurationName = Release;
		};
		55741D431EF5AFB20031F8B6 /* Build configuration list for PBXNativeTarget "FoEReferrence" */ = {
			isa = XCConfigurationList;
			buildConfigurations = (
				55741D441EF5AFB20031F8B6 /* Debug */,
				55741D451EF5AFB20031F8B6 /* Release */,
			);
			defaultConfigurationIsVisible = 0;
		};
/* End XCConfigurationList section */

/* Begin XCVersionGroup section */
		55741D381EF5AFB20031F8B6 /* FoEReferrence.xcdatamodeld */ = {
			isa = XCVersionGroup;
			children = (
				55741D391EF5AFB20031F8B6 /* FoEReferrence.xcdatamodel */,
			);
			currentVersion = 55741D391EF5AFB20031F8B6 /* FoEReferrence.xcdatamodel */;
			path = FoEReferrence.xcdatamodeld;
			sourceTree = "<group>";
			versionGroupType = wrapper.xcdatamodel;
		};
/* End XCVersionGroup section */
	};
	rootObject = 55741D261EF5AFB20031F8B6 /* Project object */;
}
