// !$*UTF8*$!
{
	archiveVersion = 1;
	classes = {
	};
	objectVersion = 46;
	objects = {

/* Begin PBXBuildFile section */
		55BAA9751EF71C3F0085BEC4 /* ages.csv in Resources */ = {isa = PBXBuildFile; fileRef = 55BAA9711EF71C3F0085BEC4 /* ages.csv */; };
		55BAA9771EF71C3F0085BEC4 /* AgesVC.swift in Sources */ = {isa = PBXBuildFile; fileRef = 55BAA9731EF71C3F0085BEC4 /* AgesVC.swift */; };
		55BAA9781EF71C3F0085BEC4 /* AppDelegate.swift in Sources */ = {isa = PBXBuildFile; fileRef = 55BAA9741EF71C3F0085BEC4 /* AppDelegate.swift */; };
		55BAA97F1EF71C5F0085BEC4 /* LaunchScreen.storyboard in Resources */ = {isa = PBXBuildFile; fileRef = 55BAA97B1EF71C5F0085BEC4 /* LaunchScreen.storyboard */; };
		55BAA9801EF71C5F0085BEC4 /* Main.storyboard in Resources */ = {isa = PBXBuildFile; fileRef = 55BAA97D1EF71C5F0085BEC4 /* Main.storyboard */; };
		55BAA98D1EF71C7B0085BEC4 /* csv.swift in Sources */ = {isa = PBXBuildFile; fileRef = 55BAA9811EF71C7B0085BEC4 /* csv.swift */; };
		55BAA98E1EF71C7B0085BEC4 /* foelogo.png in Resources */ = {isa = PBXBuildFile; fileRef = 55BAA9821EF71C7B0085BEC4 /* foelogo.png */; };
		55BAA9901EF71C7B0085BEC4 /* greatbuildings.csv in Resources */ = {isa = PBXBuildFile; fileRef = 55BAA9841EF71C7B0085BEC4 /* greatbuildings.csv */; };
		55BAA9921EF71C7B0085BEC4 /* GreatBuildingsVC.swift in Sources */ = {isa = PBXBuildFile; fileRef = 55BAA9861EF71C7B0085BEC4 /* GreatBuildingsVC.swift */; };
		55BAA9941EF71C7B0085BEC4 /* TableCells.swift in Sources */ = {isa = PBXBuildFile; fileRef = 55BAA9881EF71C7B0085BEC4 /* TableCells.swift */; };
		55BAA9951EF71C7B0085BEC4 /* MainVC.swift in Sources */ = {isa = PBXBuildFile; fileRef = 55BAA9891EF71C7B0085BEC4 /* MainVC.swift */; };
		55BAA9961EF71C7B0085BEC4 /* worlds.csv in Resources */ = {isa = PBXBuildFile; fileRef = 55BAA98A1EF71C7B0085BEC4 /* worlds.csv */; };
		55BAA9981EF71C7B0085BEC4 /* WorldsVC.swift in Sources */ = {isa = PBXBuildFile; fileRef = 55BAA98C1EF71C7B0085BEC4 /* WorldsVC.swift */; };
		55BAA99A1EF71DD30085BEC4 /* FoEReference.xcdatamodeld in Sources */ = {isa = PBXBuildFile; fileRef = 55BAA9831EF71C7B0085BEC4 /* FoEReference.xcdatamodeld */; };
		55BAA99B1EF71F170085BEC4 /* Assets.xcassets in Resources */ = {isa = PBXBuildFile; fileRef = 55BAA9791EF71C530085BEC4 /* Assets.xcassets */; };
		55BAA99F1EF9D5300085BEC4 /* GBDetailsVC.swift in Sources */ = {isa = PBXBuildFile; fileRef = 55BAA99E1EF9D5300085BEC4 /* GBDetailsVC.swift */; };
/* End PBXBuildFile section */

/* Begin PBXFileReference section */
		55741D2E1EF5AFB20031F8B6 /* FoEReference.app */ = {isa = PBXFileReference; explicitFileType = wrapper.application; includeInIndex = 0; path = FoEReference.app; sourceTree = BUILT_PRODUCTS_DIR; };
		55BAA9711EF71C3F0085BEC4 /* ages.csv */ = {isa = PBXFileReference; fileEncoding = 4; lastKnownFileType = text; name = ages.csv; path = FoEReference/ages.csv; sourceTree = SOURCE_ROOT; };
		55BAA9731EF71C3F0085BEC4 /* AgesVC.swift */ = {isa = PBXFileReference; fileEncoding = 4; lastKnownFileType = sourcecode.swift; name = AgesVC.swift; path = FoEReference/AgesVC.swift; sourceTree = SOURCE_ROOT; };
		55BAA9741EF71C3F0085BEC4 /* AppDelegate.swift */ = {isa = PBXFileReference; fileEncoding = 4; lastKnownFileType = sourcecode.swift; name = AppDelegate.swift; path = FoEReference/AppDelegate.swift; sourceTree = SOURCE_ROOT; };
		55BAA9791EF71C530085BEC4 /* Assets.xcassets */ = {isa = PBXFileReference; lastKnownFileType = folder.assetcatalog; name = Assets.xcassets; path = FoEReference/Assets.xcassets; sourceTree = "<group>"; };
		55BAA97C1EF71C5F0085BEC4 /* Base */ = {isa = PBXFileReference; lastKnownFileType = file.storyboard; name = Base; path = FoEReference/Base.lproj/LaunchScreen.storyboard; sourceTree = "<group>"; };
		55BAA97E1EF71C5F0085BEC4 /* Base */ = {isa = PBXFileReference; lastKnownFileType = file.storyboard; name = Base; path = FoEReference/Base.lproj/Main.storyboard; sourceTree = "<group>"; };
		55BAA9811EF71C7B0085BEC4 /* csv.swift */ = {isa = PBXFileReference; fileEncoding = 4; lastKnownFileType = sourcecode.swift; name = csv.swift; path = FoEReference/csv.swift; sourceTree = SOURCE_ROOT; };
		55BAA9821EF71C7B0085BEC4 /* foelogo.png */ = {isa = PBXFileReference; lastKnownFileType = image.png; name = foelogo.png; path = FoEReference/foelogo.png; sourceTree = SOURCE_ROOT; };
		55BAA9841EF71C7B0085BEC4 /* greatbuildings.csv */ = {isa = PBXFileReference; fileEncoding = 4; lastKnownFileType = text; name = greatbuildings.csv; path = FoEReference/greatbuildings.csv; sourceTree = SOURCE_ROOT; };
		55BAA9861EF71C7B0085BEC4 /* GreatBuildingsVC.swift */ = {isa = PBXFileReference; fileEncoding = 4; lastKnownFileType = sourcecode.swift; name = GreatBuildingsVC.swift; path = FoEReference/GreatBuildingsVC.swift; sourceTree = SOURCE_ROOT; };
		55BAA9871EF71C7B0085BEC4 /* Info.plist */ = {isa = PBXFileReference; fileEncoding = 4; lastKnownFileType = text.plist.xml; name = Info.plist; path = FoEReference/Info.plist; sourceTree = SOURCE_ROOT; };
		55BAA9881EF71C7B0085BEC4 /* TableCells.swift */ = {isa = PBXFileReference; fileEncoding = 4; lastKnownFileType = sourcecode.swift; name = TableCells.swift; path = FoEReference/TableCells.swift; sourceTree = SOURCE_ROOT; };
		55BAA9891EF71C7B0085BEC4 /* MainVC.swift */ = {isa = PBXFileReference; fileEncoding = 4; lastKnownFileType = sourcecode.swift; name = MainVC.swift; path = FoEReference/MainVC.swift; sourceTree = SOURCE_ROOT; };
		55BAA98A1EF71C7B0085BEC4 /* worlds.csv */ = {isa = PBXFileReference; fileEncoding = 4; lastKnownFileType = text; name = worlds.csv; path = FoEReference/worlds.csv; sourceTree = SOURCE_ROOT; };
		55BAA98C1EF71C7B0085BEC4 /* WorldsVC.swift */ = {isa = PBXFileReference; fileEncoding = 4; lastKnownFileType = sourcecode.swift; name = WorldsVC.swift; path = FoEReference/WorldsVC.swift; sourceTree = SOURCE_ROOT; };
		55BAA99E1EF9D5300085BEC4 /* GBDetailsVC.swift */ = {isa = PBXFileReference; fileEncoding = 4; lastKnownFileType = sourcecode.swift; path = GBDetailsVC.swift; sourceTree = SOURCE_ROOT; };
/* End PBXFileReference section */

/* Begin PBXFrameworksBuildPhase section */
		55741D2B1EF5AFB20031F8B6 /* Frameworks */ = {
			isa = PBXFrameworksBuildPhase;
			buildActionMask = 2147483647;
			files = (
			);
			runOnlyForDeploymentPostprocessing = 0;
		};
/* End PBXFrameworksBuildPhase section */

/* Begin PBXGroup section */
		55741D251EF5AFB20031F8B6 = {
			isa = PBXGroup;
			children = (
				55741D301EF5AFB20031F8B6 /* FoEReference */,
				55BAA97B1EF71C5F0085BEC4 /* LaunchScreen.storyboard */,
				55BAA97D1EF71C5F0085BEC4 /* Main.storyboard */,
				55BAA9791EF71C530085BEC4 /* Assets.xcassets */,
				55BAA9871EF71C7B0085BEC4 /* Info.plist */,
				55BAA9831EF71C7B0085BEC4 /* FoEReference.xcdatamodeld */,
				55741D2F1EF5AFB20031F8B6 /* Products */,
			);
			sourceTree = "<group>";
		};
		55741D2F1EF5AFB20031F8B6 /* Products */ = {
			isa = PBXGroup;
			children = (
				55741D2E1EF5AFB20031F8B6 /* FoEReference.app */,
			);
			name = Products;
			sourceTree = "<group>";
		};
		55741D301EF5AFB20031F8B6 /* FoEReference */ = {
			isa = PBXGroup;
			children = (
				55BAA9741EF71C3F0085BEC4 /* AppDelegate.swift */,
				55BAA9881EF71C7B0085BEC4 /* TableCells.swift */,
				55CB9E3F1EF6FF9F00F3D74F /* Model */,
				55CB9E461EF7059200F3D74F /* View */,
				55CB9E471EF7059700F3D74F /* Controller */,
				55CB9E3E1EF6FEAC00F3D74F /* Util */,
				55741D461EF5AFED0031F8B6 /* Resources */,
			);
			name = FoEReference;
			path = FoEReferrence;
			sourceTree = "<group>";
		};
		55741D461EF5AFED0031F8B6 /* Resources */ = {
			isa = PBXGroup;
			children = (
				55BAA9821EF71C7B0085BEC4 /* foelogo.png */,
				55BAA9711EF71C3F0085BEC4 /* ages.csv */,
				55BAA9841EF71C7B0085BEC4 /* greatbuildings.csv */,
				55BAA98A1EF71C7B0085BEC4 /* worlds.csv */,
			);
			name = Resources;
			sourceTree = "<group>";
		};
		55CB9E3E1EF6FEAC00F3D74F /* Util */ = {
			isa = PBXGroup;
			children = (
				55BAA9811EF71C7B0085BEC4 /* csv.swift */,
			);
			name = Util;
			sourceTree = "<group>";
		};
		55CB9E3F1EF6FF9F00F3D74F /* Model */ = {
			isa = PBXGroup;
			children = (
			);
			name = Model;
			sourceTree = "<group>";
		};
		55CB9E461EF7059200F3D74F /* View */ = {
			isa = PBXGroup;
			children = (
			);
			name = View;
			sourceTree = "<group>";
		};
		55CB9E471EF7059700F3D74F /* Controller */ = {
			isa = PBXGroup;
			children = (
				55BAA9731EF71C3F0085BEC4 /* AgesVC.swift */,
				55BAA9861EF71C7B0085BEC4 /* GreatBuildingsVC.swift */,
				55BAA98C1EF71C7B0085BEC4 /* WorldsVC.swift */,
				55BAA9891EF71C7B0085BEC4 /* MainVC.swift */,
				55BAA99E1EF9D5300085BEC4 /* GBDetailsVC.swift */,
			);
			name = Controller;
			sourceTree = "<group>";
		};
/* End PBXGroup section */

/* Begin PBXNativeTarget section */
		55741D2D1EF5AFB20031F8B6 /* FoEReference */ = {
			isa = PBXNativeTarget;
			buildConfigurationList = 55741D431EF5AFB20031F8B6 /* Build configuration list for PBXNativeTarget "FoEReference" */;
			buildPhases = (
				55741D2A1EF5AFB20031F8B6 /* Sources */,
				55741D2B1EF5AFB20031F8B6 /* Frameworks */,
				55741D2C1EF5AFB20031F8B6 /* Resources */,
			);
			buildRules = (
			);
			dependencies = (
			);
			name = FoEReference;
			productName = FoEReferrence;
			productReference = 55741D2E1EF5AFB20031F8B6 /* FoEReference.app */;
			productType = "com.apple.product-type.application";
		};
/* End PBXNativeTarget section */

/* Begin PBXProject section */
		55741D261EF5AFB20031F8B6 /* Project object */ = {
			isa = PBXProject;
			attributes = {
				LastSwiftUpdateCheck = 0830;
				LastUpgradeCheck = 0830;
				ORGANIZATIONNAME = "CBE User";
				TargetAttributes = {
					55741D2D1EF5AFB20031F8B6 = {
						CreatedOnToolsVersion = 8.3.3;
						DevelopmentTeam = TT9W6D3N85;
						LastSwiftMigration = 0830;
						ProvisioningStyle = Automatic;
					};
				};
			};
			buildConfigurationList = 55741D291EF5AFB20031F8B6 /* Build configuration list for PBXProject "FoEReference" */;
			compatibilityVersion = "Xcode 3.2";
			developmentRegion = English;
			hasScannedForEncodings = 0;
			knownRegions = (
				en,
				Base,
			);
			mainGroup = 55741D251EF5AFB20031F8B6;
			productRefGroup = 55741D2F1EF5AFB20031F8B6 /* Products */;
			projectDirPath = "";
			projectRoot = "";
			targets = (
				55741D2D1EF5AFB20031F8B6 /* FoEReference */,
			);
		};
/* End PBXProject section */

/* Begin PBXResourcesBuildPhase section */
		55741D2C1EF5AFB20031F8B6 /* Resources */ = {
			isa = PBXResourcesBuildPhase;
			buildActionMask = 2147483647;
			files = (
				55BAA98E1EF71C7B0085BEC4 /* foelogo.png in Resources */,
				55BAA97F1EF71C5F0085BEC4 /* LaunchScreen.storyboard in Resources */,
				55BAA9751EF71C3F0085BEC4 /* ages.csv in Resources */,
				55BAA9901EF71C7B0085BEC4 /* greatbuildings.csv in Resources */,
				55BAA99B1EF71F170085BEC4 /* Assets.xcassets in Resources */,
				55BAA9801EF71C5F0085BEC4 /* Main.storyboard in Resources */,
				55BAA9961EF71C7B0085BEC4 /* worlds.csv in Resources */,
			);
			runOnlyForDeploymentPostprocessing = 0;
		};
/* End PBXResourcesBuildPhase section */

/* Begin PBXSourcesBuildPhase section */
		55741D2A1EF5AFB20031F8B6 /* Sources */ = {
			isa = PBXSourcesBuildPhase;
			buildActionMask = 2147483647;
			files = (
				55BAA9921EF71C7B0085BEC4 /* GreatBuildingsVC.swift in Sources */,
				55BAA98D1EF71C7B0085BEC4 /* csv.swift in Sources */,
				55BAA9781EF71C3F0085BEC4 /* AppDelegate.swift in Sources */,
				55BAA99A1EF71DD30085BEC4 /* FoEReference.xcdatamodeld in Sources */,
				55BAA99F1EF9D5300085BEC4 /* GBDetailsVC.swift in Sources */,
				55BAA9951EF71C7B0085BEC4 /* MainVC.swift in Sources */,
				55BAA9771EF71C3F0085BEC4 /* AgesVC.swift in Sources */,
				55BAA9981EF71C7B0085BEC4 /* WorldsVC.swift in Sources */,
				55BAA9941EF71C7B0085BEC4 /* TableCells.swift in Sources */,
			);
			runOnlyForDeploymentPostprocessing = 0;
		};
/* End PBXSourcesBuildPhase section */

/* Begin PBXVariantGroup section */
		55BAA97B1EF71C5F0085BEC4 /* LaunchScreen.storyboard */ = {
			isa = PBXVariantGroup;
			children = (
				55BAA97C1EF71C5F0085BEC4 /* Base */,
			);
			name = LaunchScreen.storyboard;
			sourceTree = "<group>";
		};
		55BAA97D1EF71C5F0085BEC4 /* Main.storyboard */ = {
			isa = PBXVariantGroup;
			children = (
				55BAA97E1EF71C5F0085BEC4 /* Base */,
			);
			name = Main.storyboard;
			sourceTree = "<group>";
		};
/* End PBXVariantGroup section */

/* Begin XCBuildConfiguration section */
		55741D411EF5AFB20031F8B6 /* Debug */ = {
			isa = XCBuildConfiguration;
			buildSettings = {
				ALWAYS_SEARCH_USER_PATHS = NO;
				CLANG_ANALYZER_NONNULL = YES;
				CLANG_ANALYZER_NUMBER_OBJECT_CONVERSION = YES_AGGRESSIVE;
				CLANG_CXX_LANGUAGE_STANDARD = "gnu++0x";
				CLANG_CXX_LIBRARY = "libc++";
				CLANG_ENABLE_MODULES = YES;
				CLANG_ENABLE_OBJC_ARC = YES;
				CLANG_WARN_BOOL_CONVERSION = YES;
				CLANG_WARN_CONSTANT_CONVERSION = YES;
				CLANG_WARN_DIRECT_OBJC_ISA_USAGE = YES_ERROR;
				CLANG_WARN_DOCUMENTATION_COMMENTS = YES;
				CLANG_WARN_EMPTY_BODY = YES;
				CLANG_WARN_ENUM_CONVERSION = YES;
				CLANG_WARN_INFINITE_RECURSION = YES;
				CLANG_WARN_INT_CONVERSION = YES;
				CLANG_WARN_OBJC_ROOT_CLASS = YES_ERROR;
				CLANG_WARN_SUSPICIOUS_MOVE = YES;
				CLANG_WARN_UNREACHABLE_CODE = YES;
				CLANG_WARN__DUPLICATE_METHOD_MATCH = YES;
				"CODE_SIGN_IDENTITY[sdk=iphoneos*]" = "iPhone Developer";
				COPY_PHASE_STRIP = NO;
				DEBUG_INFORMATION_FORMAT = dwarf;
				ENABLE_STRICT_OBJC_MSGSEND = YES;
				ENABLE_TESTABILITY = YES;
				GCC_C_LANGUAGE_STANDARD = gnu99;
				GCC_DYNAMIC_NO_PIC = NO;
				GCC_NO_COMMON_BLOCKS = YES;
				GCC_OPTIMIZATION_LEVEL = 0;
				GCC_PREPROCESSOR_DEFINITIONS = (
					"DEBUG=1",
					"$(inherited)",
				);
				GCC_WARN_64_TO_32_BIT_CONVERSION = YES;
				GCC_WARN_ABOUT_RETURN_TYPE = YES_ERROR;
				GCC_WARN_UNDECLARED_SELECTOR = YES;
				GCC_WARN_UNINITIALIZED_AUTOS = YES_AGGRESSIVE;
				GCC_WARN_UNUSED_FUNCTION = YES;
				GCC_WARN_UNUSED_VARIABLE = YES;
				IPHONEOS_DEPLOYMENT_TARGET = 10.3;
				MTL_ENABLE_DEBUG_INFO = YES;
				ONLY_ACTIVE_ARCH = YES;
				SDKROOT = iphoneos;
				SWIFT_ACTIVE_COMPILATION_CONDITIONS = DEBUG;
				SWIFT_OPTIMIZATION_LEVEL = "-Onone";
				TARGETED_DEVICE_FAMILY = "1,2";
			};
			name = Debug;
		};
		55741D421EF5AFB20031F8B6 /* Release */ = {
			isa = XCBuildConfiguration;
			buildSettings = {
				ALWAYS_SEARCH_USER_PATHS = NO;
				CLANG_ANALYZER_NONNULL = YES;
				CLANG_ANALYZER_NUMBER_OBJECT_CONVERSION = YES_AGGRESSIVE;
				CLANG_CXX_LANGUAGE_STANDARD = "gnu++0x";
				CLANG_CXX_LIBRARY = "libc++";
				CLANG_ENABLE_MODULES = YES;
				CLANG_ENABLE_OBJC_ARC = YES;
				CLANG_WARN_BOOL_CONVERSION = YES;
				CLANG_WARN_CONSTANT_CONVERSION = YES;
				CLANG_WARN_DIRECT_OBJC_ISA_USAGE = YES_ERROR;
				CLANG_WARN_DOCUMENTATION_COMMENTS = YES;
				CLANG_WARN_EMPTY_BODY = YES;
				CLANG_WARN_ENUM_CONVERSION = YES;
				CLANG_WARN_INFINITE_RECURSION = YES;
				CLANG_WARN_INT_CONVERSION = YES;
				CLANG_WARN_OBJC_ROOT_CLASS = YES_ERROR;
				CLANG_WARN_SUSPICIOUS_MOVE = YES;
				CLANG_WARN_UNREACHABLE_CODE = YES;
				CLANG_WARN__DUPLICATE_METHOD_MATCH = YES;
				"CODE_SIGN_IDENTITY[sdk=iphoneos*]" = "iPhone Developer";
				COPY_PHASE_STRIP = NO;
				DEBUG_INFORMATION_FORMAT = "dwarf-with-dsym";
				ENABLE_NS_ASSERTIONS = NO;
				ENABLE_STRICT_OBJC_MSGSEND = YES;
				GCC_C_LANGUAGE_STANDARD = gnu99;
				GCC_NO_COMMON_BLOCKS = YES;
				GCC_WARN_64_TO_32_BIT_CONVERSION = YES;
				GCC_WARN_ABOUT_RETURN_TYPE = YES_ERROR;
				GCC_WARN_UNDECLARED_SELECTOR = YES;
				GCC_WARN_UNINITIALIZED_AUTOS = YES_AGGRESSIVE;
				GCC_WARN_UNUSED_FUNCTION = YES;
				GCC_WARN_UNUSED_VARIABLE = YES;
				IPHONEOS_DEPLOYMENT_TARGET = 10.3;
				MTL_ENABLE_DEBUG_INFO = NO;
				SDKROOT = iphoneos;
				SWIFT_OPTIMIZATION_LEVEL = "-Owholemodule";
				TARGETED_DEVICE_FAMILY = "1,2";
				VALIDATE_PRODUCT = YES;
			};
			name = Release;
		};
		55741D441EF5AFB20031F8B6 /* Debug */ = {
			isa = XCBuildConfiguration;
			buildSettings = {
				ASSETCATALOG_COMPILER_APPICON_NAME = AppIcon;
				CLANG_ENABLE_MODULES = YES;
				DEVELOPMENT_TEAM = TT9W6D3N85;
				INFOPLIST_FILE = FoEReference/Info.plist;
				LD_RUNPATH_SEARCH_PATHS = "$(inherited) @executable_path/Frameworks";
				PRODUCT_BUNDLE_IDENTIFIER = com.WhatDoesThisDo.FoEReference;
				PRODUCT_NAME = "$(TARGET_NAME)";
				SWIFT_OPTIMIZATION_LEVEL = "-Onone";
				SWIFT_VERSION = 3.0;
			};
			name = Debug;
		};
		55741D451EF5AFB20031F8B6 /* Release */ = {
			isa = XCBuildConfiguration;
			buildSettings = {
				ASSETCATALOG_COMPILER_APPICON_NAME = AppIcon;
				CLANG_ENABLE_MODULES = YES;
				DEVELOPMENT_TEAM = TT9W6D3N85;
				INFOPLIST_FILE = FoEReference/Info.plist;
				LD_RUNPATH_SEARCH_PATHS = "$(inherited) @executable_path/Frameworks";
				PRODUCT_BUNDLE_IDENTIFIER = com.WhatDoesThisDo.FoEReference;
				PRODUCT_NAME = "$(TARGET_NAME)";
				SWIFT_VERSION = 3.0;
			};
			name = Release;
		};
/* End XCBuildConfiguration section */

/* Begin XCConfigurationList section */
		55741D291EF5AFB20031F8B6 /* Build configuration list for PBXProject "FoEReference" */ = {
			isa = XCConfigurationList;
			buildConfigurations = (
				55741D411EF5AFB20031F8B6 /* Debug */,
				55741D421EF5AFB20031F8B6 /* Release */,
			);
			defaultConfigurationIsVisible = 0;
			defaultConfigurationName = Release;
		};
		55741D431EF5AFB20031F8B6 /* Build configuration list for PBXNativeTarget "FoEReference" */ = {
			isa = XCConfigurationList;
			buildConfigurations = (
				55741D441EF5AFB20031F8B6 /* Debug */,
				55741D451EF5AFB20031F8B6 /* Release */,
			);
			defaultConfigurationIsVisible = 0;
			defaultConfigurationName = Release;
		};
/* End XCConfigurationList section */

/* Begin XCVersionGroup section */
		55BAA9831EF71C7B0085BEC4 /* FoEReference.xcdatamodeld */ = {
			isa = XCVersionGroup;
			children = (
			);
			name = FoEReference.xcdatamodeld;
			path = FoEReference/FoEReference.xcdatamodeld;
			sourceTree = "<group>";
			versionGroupType = wrapper.xcdatamodel;
		};
/* End XCVersionGroup section */
	};
	rootObject = 55741D261EF5AFB20031F8B6 /* Project object */;
}
